
Microsoft Visual Studio Solution File, Format Version 12.00
# Visual Studio Version 17
VisualStudioVersion = 17.12.35521.163
MinimumVisualStudioVersion = 10.0.40219.1
Project("{2150E333-8FDC-42A3-9474-1A3956D46DE8}") = "src", "src", "{AC08674A-4877-4FC5-BC3F-EBA0EA17BE2A}"
EndProject
Project("{2150E333-8FDC-42A3-9474-1A3956D46DE8}") = "01_Domain", "01_Domain", "{254AEBB8-6A7E-4D81-9C90-90B7A2C7A4EE}"
EndProject
Project("{2150E333-8FDC-42A3-9474-1A3956D46DE8}") = "02_Inferasthrature", "02_Inferasthrature", "{C83E58FD-8012-44CE-91F5-DD2E0E551DC1}"
EndProject
Project("{2150E333-8FDC-42A3-9474-1A3956D46DE8}") = "EndPoint", "EndPoint", "{4805581E-DF30-48C6-A246-A977AC80B8CD}"
EndProject
Project("{2150E333-8FDC-42A3-9474-1A3956D46DE8}") = "Core", "Core", "{CE3DABAE-F39B-4BAE-B7A1-28925BA95CF9}"
EndProject
Project("{2150E333-8FDC-42A3-9474-1A3956D46DE8}") = "Service", "Service", "{7CEF9686-6CF8-4C92-94B0-F86A36A23FF9}"
EndProject
Project("{FAE04EC0-301F-11D3-BF4B-00C04F79EFBC}") = "AppDomainCore", "AppDomainCore\AppDomainCore.csproj", "{E8CB2421-4453-4055-A237-E1B76A819E5C}"
EndProject
Project("{FAE04EC0-301F-11D3-BF4B-00C04F79EFBC}") = "AppDomain.Service", "AppDomain.Service\AppDomain.Service.csproj", "{388A1535-6D2F-449C-A53A-00EF26810B4C}"
EndProject
Project("{FAE04EC0-301F-11D3-BF4B-00C04F79EFBC}") = "AppDomain.AppService", "AppDomain.AppService\AppDomain.AppService.csproj", "{69B1DA3F-9B39-4E56-8A32-E8A5487DE432}"
EndProject
Project("{2150E333-8FDC-42A3-9474-1A3956D46DE8}") = "DataAccess", "DataAccess", "{8C37AF0F-ED34-4B6A-AF80-7D249057C230}"
EndProject
Project("{2150E333-8FDC-42A3-9474-1A3956D46DE8}") = "Db", "Db", "{A5558F2B-396C-478D-B1F2-B26C70CE1C7C}"
EndProject
Project("{FAE04EC0-301F-11D3-BF4B-00C04F79EFBC}") = "AppInfer.Data.Repo.Ef", "AppInfer.Data.Repo.Ef\AppInfer.Data.Repo.Ef.csproj", "{31F11DCE-3136-4B4E-BFBF-4755D9D4C137}"
EndProject
Project("{FAE04EC0-301F-11D3-BF4B-00C04F79EFBC}") = "AppInfer.Db.Sql.Ef", "AppInfer.Db.Sql.Ef\AppInfer.Db.Sql.Ef.csproj", "{3EF5F72E-40DF-44EB-A12F-5AB0C3C1DE58}"
EndProject
Project("{FAE04EC0-301F-11D3-BF4B-00C04F79EFBC}") = "MVC_HomeService", "MVC_HomeService\MVC_HomeService.csproj", "{4211CFD4-0B96-42C6-8B33-F04A6392B510}"
EndProject
Global
	GlobalSection(SolutionConfigurationPlatforms) = preSolution
		Debug|Any CPU = Debug|Any CPU
		Release|Any CPU = Release|Any CPU
	EndGlobalSection
	GlobalSection(ProjectConfigurationPlatforms) = postSolution
		{E8CB2421-4453-4055-A237-E1B76A819E5C}.Debug|Any CPU.ActiveCfg = Debug|Any CPU
		{E8CB2421-4453-4055-A237-E1B76A819E5C}.Debug|Any CPU.Build.0 = Debug|Any CPU
		{E8CB2421-4453-4055-A237-E1B76A819E5C}.Release|Any CPU.ActiveCfg = Release|Any CPU
		{E8CB2421-4453-4055-A237-E1B76A819E5C}.Release|Any CPU.Build.0 = Release|Any CPU
		{388A1535-6D2F-449C-A53A-00EF26810B4C}.Debug|Any CPU.ActiveCfg = Debug|Any CPU
		{388A1535-6D2F-449C-A53A-00EF26810B4C}.Debug|Any CPU.Build.0 = Debug|Any CPU
		{388A1535-6D2F-449C-A53A-00EF26810B4C}.Release|Any CPU.ActiveCfg = Release|Any CPU
		{388A1535-6D2F-449C-A53A-00EF26810B4C}.Release|Any CPU.Build.0 = Release|Any CPU
		{69B1DA3F-9B39-4E56-8A32-E8A5487DE432}.Debug|Any CPU.ActiveCfg = Debug|Any CPU
		{69B1DA3F-9B39-4E56-8A32-E8A5487DE432}.Debug|Any CPU.Build.0 = Debug|Any CPU
		{69B1DA3F-9B39-4E56-8A32-E8A5487DE432}.Release|Any CPU.ActiveCfg = Release|Any CPU
		{69B1DA3F-9B39-4E56-8A32-E8A5487DE432}.Release|Any CPU.Build.0 = Release|Any CPU
		{31F11DCE-3136-4B4E-BFBF-4755D9D4C137}.Debug|Any CPU.ActiveCfg = Debug|Any CPU
		{31F11DCE-3136-4B4E-BFBF-4755D9D4C137}.Debug|Any CPU.Build.0 = Debug|Any CPU
		{31F11DCE-3136-4B4E-BFBF-4755D9D4C137}.Release|Any CPU.ActiveCfg = Release|Any CPU
		{31F11DCE-3136-4B4E-BFBF-4755D9D4C137}.Release|Any CPU.Build.0 = Release|Any CPU
		{3EF5F72E-40DF-44EB-A12F-5AB0C3C1DE58}.Debug|Any CPU.ActiveCfg = Debug|Any CPU
		{3EF5F72E-40DF-44EB-A12F-5AB0C3C1DE58}.Debug|Any CPU.Build.0 = Debug|Any CPU
		{3EF5F72E-40DF-44EB-A12F-5AB0C3C1DE58}.Release|Any CPU.ActiveCfg = Release|Any CPU
		{3EF5F72E-40DF-44EB-A12F-5AB0C3C1DE58}.Release|Any CPU.Build.0 = Release|Any CPU
		{4211CFD4-0B96-42C6-8B33-F04A6392B510}.Debug|Any CPU.ActiveCfg = Debug|Any CPU
		{4211CFD4-0B96-42C6-8B33-F04A6392B510}.Debug|Any CPU.Build.0 = Debug|Any CPU
		{4211CFD4-0B96-42C6-8B33-F04A6392B510}.Release|Any CPU.ActiveCfg = Release|Any CPU
		{4211CFD4-0B96-42C6-8B33-F04A6392B510}.Release|Any CPU.Build.0 = Release|Any CPU
	EndGlobalSection
	GlobalSection(SolutionProperties) = preSolution
		HideSolutionNode = FALSE
	EndGlobalSection
	GlobalSection(NestedProjects) = preSolution
		{254AEBB8-6A7E-4D81-9C90-90B7A2C7A4EE} = {AC08674A-4877-4FC5-BC3F-EBA0EA17BE2A}
		{C83E58FD-8012-44CE-91F5-DD2E0E551DC1} = {AC08674A-4877-4FC5-BC3F-EBA0EA17BE2A}
		{4805581E-DF30-48C6-A246-A977AC80B8CD} = {AC08674A-4877-4FC5-BC3F-EBA0EA17BE2A}
		{CE3DABAE-F39B-4BAE-B7A1-28925BA95CF9} = {254AEBB8-6A7E-4D81-9C90-90B7A2C7A4EE}
		{7CEF9686-6CF8-4C92-94B0-F86A36A23FF9} = {254AEBB8-6A7E-4D81-9C90-90B7A2C7A4EE}
		{E8CB2421-4453-4055-A237-E1B76A819E5C} = {CE3DABAE-F39B-4BAE-B7A1-28925BA95CF9}
		{388A1535-6D2F-449C-A53A-00EF26810B4C} = {7CEF9686-6CF8-4C92-94B0-F86A36A23FF9}
		{69B1DA3F-9B39-4E56-8A32-E8A5487DE432} = {7CEF9686-6CF8-4C92-94B0-F86A36A23FF9}
		{8C37AF0F-ED34-4B6A-AF80-7D249057C230} = {C83E58FD-8012-44CE-91F5-DD2E0E551DC1}
		{A5558F2B-396C-478D-B1F2-B26C70CE1C7C} = {C83E58FD-8012-44CE-91F5-DD2E0E551DC1}
		{31F11DCE-3136-4B4E-BFBF-4755D9D4C137} = {8C37AF0F-ED34-4B6A-AF80-7D249057C230}
		{3EF5F72E-40DF-44EB-A12F-5AB0C3C1DE58} = {A5558F2B-396C-478D-B1F2-B26C70CE1C7C}
		{4211CFD4-0B96-42C6-8B33-F04A6392B510} = {4805581E-DF30-48C6-A246-A977AC80B8CD}
	EndGlobalSection
EndGlobal
